
Microsoft Visual Studio Solution File, Format Version 12.00
# Visual Studio Version 16
VisualStudioVersion = 16.0.32002.261
MinimumVisualStudioVersion = 10.0.40219.1
Project("{FAE04EC0-301F-11D3-BF4B-00C04F79EFBC}") = "SmartWasherDryer", "SmartWasherDryer\SmartWasherDryer.csproj", "{64B65588-E05E-480A-849A-F8A92EC6BF5E}"
EndProject
Project("{FAE04EC0-301F-11D3-BF4B-00C04F79EFBC}") = "DataAccessLibrabry", "DataAccessLibrabry\DataAccessLibrabry.csproj", "{5EAA399A-97BE-4CAB-8BBC-4A06F42037B5}"
EndProject
Project("{FAE04EC0-301F-11D3-BF4B-00C04F79EFBC}") = "Model", "Model\Model.csproj", "{F7911539-F115-41A2-868D-F23A6A50624E}"
EndProject
Global
	GlobalSection(SolutionConfigurationPlatforms) = preSolution
		Debug|Any CPU = Debug|Any CPU
		Release|Any CPU = Release|Any CPU
	EndGlobalSection
	GlobalSection(ProjectConfigurationPlatforms) = postSolution
		{64B65588-E05E-480A-849A-F8A92EC6BF5E}.Debug|Any CPU.ActiveCfg = Debug|Any CPU
		{64B65588-E05E-480A-849A-F8A92EC6BF5E}.Debug|Any CPU.Build.0 = Debug|Any CPU
		{64B65588-E05E-480A-849A-F8A92EC6BF5E}.Release|Any CPU.ActiveCfg = Release|Any CPU
		{64B65588-E05E-480A-849A-F8A92EC6BF5E}.Release|Any CPU.Build.0 = Release|Any CPU
		{5EAA399A-97BE-4CAB-8BBC-4A06F42037B5}.Debug|Any CPU.ActiveCfg = Debug|Any CPU
		{5EAA399A-97BE-4CAB-8BBC-4A06F42037B5}.Debug|Any CPU.Build.0 = Debug|Any CPU
		{5EAA399A-97BE-4CAB-8BBC-4A06F42037B5}.Release|Any CPU.ActiveCfg = Release|Any CPU
		{5EAA399A-97BE-4CAB-8BBC-4A06F42037B5}.Release|Any CPU.Build.0 = Release|Any CPU
		{F7911539-F115-41A2-868D-F23A6A50624E}.Debug|Any CPU.ActiveCfg = Debug|Any CPU
		{F7911539-F115-41A2-868D-F23A6A50624E}.Debug|Any CPU.Build.0 = Debug|Any CPU
		{F7911539-F115-41A2-868D-F23A6A50624E}.Release|Any CPU.ActiveCfg = Release|Any CPU
		{F7911539-F115-41A2-868D-F23A6A50624E}.Release|Any CPU.Build.0 = Release|Any CPU
	EndGlobalSection
	GlobalSection(SolutionProperties) = preSolution
		HideSolutionNode = FALSE
	EndGlobalSection
	GlobalSection(ExtensibilityGlobals) = postSolution
		SolutionGuid = {38CEA51C-C59C-4C1D-AD9E-75AE8D5E6D00}
	EndGlobalSection
EndGlobal
